
Microsoft Visual Studio Solution File, Format Version 12.00
# Visual Studio Version 17
VisualStudioVersion = 17.0.31903.59
MinimumVisualStudioVersion = 10.0.40219.1
Project("{2150E333-8FDC-42A3-9474-1A3956D46DE8}") = "src", "src", "{827E0CD3-B72D-47B6-A68D-7590B98EB39B}"
EndProject
Project("{2150E333-8FDC-42A3-9474-1A3956D46DE8}") = "Auth", "Auth", "{E134C235-D229-4C0D-6747-D71D21D31FBE}"
EndProject
Project("{2150E333-8FDC-42A3-9474-1A3956D46DE8}") = "Api", "Api", "{CCD3E55A-7FBF-CAE6-3ABC-E1364E36DC28}"
EndProject
Project("{FAE04EC0-301F-11D3-BF4B-00C04F79EFBC}") = "Auth.Api", "src\Auth\Api\Auth.Api.csproj", "{0201DB89-0899-4415-89E7-A6F412308920}"
EndProject
Project("{2150E333-8FDC-42A3-9474-1A3956D46DE8}") = "Application", "Application", "{E2A82293-819B-DDB9-A779-24450B295548}"
EndProject
Project("{FAE04EC0-301F-11D3-BF4B-00C04F79EFBC}") = "Auth.Application", "src\Auth\Application\Auth.Application.csproj", "{10E7892F-717F-4577-9711-638C16C94AC2}"
EndProject
Project("{2150E333-8FDC-42A3-9474-1A3956D46DE8}") = "Domain", "Domain", "{63FA1A00-6844-E126-4F8A-14CB90E22E02}"
EndProject
Project("{FAE04EC0-301F-11D3-BF4B-00C04F79EFBC}") = "Auth.Domain", "src\Auth\Domain\Auth.Domain.csproj", "{57DB3D14-A9E9-4368-8CB7-BBA66249BCCD}"
EndProject
Project("{2150E333-8FDC-42A3-9474-1A3956D46DE8}") = "Infrastructure", "Infrastructure", "{E4BEFF2C-E256-27DB-8D1B-79509F02E1CF}"
EndProject
Project("{FAE04EC0-301F-11D3-BF4B-00C04F79EFBC}") = "Auth.Infrastructure", "src\Auth\Infrastructure\Auth.Infrastructure.csproj", "{7A241E41-0D70-4C0F-835D-C253A2D491DF}"
EndProject
Project("{2150E333-8FDC-42A3-9474-1A3956D46DE8}") = "test", "test", "{0C88DD14-F956-CE84-757C-A364CCF449FC}"
EndProject
Project("{2150E333-8FDC-42A3-9474-1A3956D46DE8}") = "Auth", "Auth", "{1BE9D6C1-64FB-57B9-2352-6631AB4FF4E8}"
EndProject
Project("{2150E333-8FDC-42A3-9474-1A3956D46DE8}") = "Application.Tests", "Application.Tests", "{FCF211F5-377E-3B28-9F11-20C8E8263F89}"
EndProject
Project("{FAE04EC0-301F-11D3-BF4B-00C04F79EFBC}") = "Auth.Application.Tests", "test\Auth\Application.Tests\Auth.Application.Tests.csproj", "{0EF96874-4B00-42BA-908E-7BB21F608FE8}"
EndProject
Project("{2150E333-8FDC-42A3-9474-1A3956D46DE8}") = "Api.Tests", "Api.Tests", "{3FD6D40C-C49D-79F9-9BEE-594197F11283}"
EndProject
Project("{FAE04EC0-301F-11D3-BF4B-00C04F79EFBC}") = "Auth.Api.Tests", "test\Auth\Api.Tests\Auth.Api.Tests.csproj", "{ACD80D2E-39B1-4E15-A050-17809CE01DD9}"
EndProject
Global
	GlobalSection(SolutionConfigurationPlatforms) = preSolution
		Debug|Any CPU = Debug|Any CPU
		Debug|x64 = Debug|x64
		Debug|x86 = Debug|x86
		Release|Any CPU = Release|Any CPU
		Release|x64 = Release|x64
		Release|x86 = Release|x86
	EndGlobalSection
	GlobalSection(ProjectConfigurationPlatforms) = postSolution
		{0201DB89-0899-4415-89E7-A6F412308920}.Debug|Any CPU.ActiveCfg = Debug|Any CPU
		{0201DB89-0899-4415-89E7-A6F412308920}.Debug|Any CPU.Build.0 = Debug|Any CPU
		{0201DB89-0899-4415-89E7-A6F412308920}.Debug|x64.ActiveCfg = Debug|Any CPU
		{0201DB89-0899-4415-89E7-A6F412308920}.Debug|x64.Build.0 = Debug|Any CPU
		{0201DB89-0899-4415-89E7-A6F412308920}.Debug|x86.ActiveCfg = Debug|Any CPU
		{0201DB89-0899-4415-89E7-A6F412308920}.Debug|x86.Build.0 = Debug|Any CPU
		{0201DB89-0899-4415-89E7-A6F412308920}.Release|Any CPU.ActiveCfg = Release|Any CPU
		{0201DB89-0899-4415-89E7-A6F412308920}.Release|Any CPU.Build.0 = Release|Any CPU
		{0201DB89-0899-4415-89E7-A6F412308920}.Release|x64.ActiveCfg = Release|Any CPU
		{0201DB89-0899-4415-89E7-A6F412308920}.Release|x64.Build.0 = Release|Any CPU
		{0201DB89-0899-4415-89E7-A6F412308920}.Release|x86.ActiveCfg = Release|Any CPU
		{0201DB89-0899-4415-89E7-A6F412308920}.Release|x86.Build.0 = Release|Any CPU
		{10E7892F-717F-4577-9711-638C16C94AC2}.Debug|Any CPU.ActiveCfg = Debug|Any CPU
		{10E7892F-717F-4577-9711-638C16C94AC2}.Debug|Any CPU.Build.0 = Debug|Any CPU
		{10E7892F-717F-4577-9711-638C16C94AC2}.Debug|x64.ActiveCfg = Debug|Any CPU
		{10E7892F-717F-4577-9711-638C16C94AC2}.Debug|x64.Build.0 = Debug|Any CPU
		{10E7892F-717F-4577-9711-638C16C94AC2}.Debug|x86.ActiveCfg = Debug|Any CPU
		{10E7892F-717F-4577-9711-638C16C94AC2}.Debug|x86.Build.0 = Debug|Any CPU
		{10E7892F-717F-4577-9711-638C16C94AC2}.Release|Any CPU.ActiveCfg = Release|Any CPU
		{10E7892F-717F-4577-9711-638C16C94AC2}.Release|Any CPU.Build.0 = Release|Any CPU
		{10E7892F-717F-4577-9711-638C16C94AC2}.Release|x64.ActiveCfg = Release|Any CPU
		{10E7892F-717F-4577-9711-638C16C94AC2}.Release|x64.Build.0 = Release|Any CPU
		{10E7892F-717F-4577-9711-638C16C94AC2}.Release|x86.ActiveCfg = Release|Any CPU
		{10E7892F-717F-4577-9711-638C16C94AC2}.Release|x86.Build.0 = Release|Any CPU
		{57DB3D14-A9E9-4368-8CB7-BBA66249BCCD}.Debug|Any CPU.ActiveCfg = Debug|Any CPU
		{57DB3D14-A9E9-4368-8CB7-BBA66249BCCD}.Debug|Any CPU.Build.0 = Debug|Any CPU
		{57DB3D14-A9E9-4368-8CB7-BBA66249BCCD}.Debug|x64.ActiveCfg = Debug|Any CPU
		{57DB3D14-A9E9-4368-8CB7-BBA66249BCCD}.Debug|x64.Build.0 = Debug|Any CPU
		{57DB3D14-A9E9-4368-8CB7-BBA66249BCCD}.Debug|x86.ActiveCfg = Debug|Any CPU
		{57DB3D14-A9E9-4368-8CB7-BBA66249BCCD}.Debug|x86.Build.0 = Debug|Any CPU
		{57DB3D14-A9E9-4368-8CB7-BBA66249BCCD}.Release|Any CPU.ActiveCfg = Release|Any CPU
		{57DB3D14-A9E9-4368-8CB7-BBA66249BCCD}.Release|Any CPU.Build.0 = Release|Any CPU
		{57DB3D14-A9E9-4368-8CB7-BBA66249BCCD}.Release|x64.ActiveCfg = Release|Any CPU
		{57DB3D14-A9E9-4368-8CB7-BBA66249BCCD}.Release|x64.Build.0 = Release|Any CPU
		{57DB3D14-A9E9-4368-8CB7-BBA66249BCCD}.Release|x86.ActiveCfg = Release|Any CPU
		{57DB3D14-A9E9-4368-8CB7-BBA66249BCCD}.Release|x86.Build.0 = Release|Any CPU
		{7A241E41-0D70-4C0F-835D-C253A2D491DF}.Debug|Any CPU.ActiveCfg = Debug|Any CPU
		{7A241E41-0D70-4C0F-835D-C253A2D491DF}.Debug|Any CPU.Build.0 = Debug|Any CPU
		{7A241E41-0D70-4C0F-835D-C253A2D491DF}.Debug|x64.ActiveCfg = Debug|Any CPU
		{7A241E41-0D70-4C0F-835D-C253A2D491DF}.Debug|x64.Build.0 = Debug|Any CPU
		{7A241E41-0D70-4C0F-835D-C253A2D491DF}.Debug|x86.ActiveCfg = Debug|Any CPU
		{7A241E41-0D70-4C0F-835D-C253A2D491DF}.Debug|x86.Build.0 = Debug|Any CPU
		{7A241E41-0D70-4C0F-835D-C253A2D491DF}.Release|Any CPU.ActiveCfg = Release|Any CPU
		{7A241E41-0D70-4C0F-835D-C253A2D491DF}.Release|Any CPU.Build.0 = Release|Any CPU
		{7A241E41-0D70-4C0F-835D-C253A2D491DF}.Release|x64.ActiveCfg = Release|Any CPU
		{7A241E41-0D70-4C0F-835D-C253A2D491DF}.Release|x64.Build.0 = Release|Any CPU
		{7A241E41-0D70-4C0F-835D-C253A2D491DF}.Release|x86.ActiveCfg = Release|Any CPU
		{7A241E41-0D70-4C0F-835D-C253A2D491DF}.Release|x86.Build.0 = Release|Any CPU
		{0EF96874-4B00-42BA-908E-7BB21F608FE8}.Debug|Any CPU.ActiveCfg = Debug|Any CPU
		{0EF96874-4B00-42BA-908E-7BB21F608FE8}.Debug|Any CPU.Build.0 = Debug|Any CPU
		{0EF96874-4B00-42BA-908E-7BB21F608FE8}.Debug|x64.ActiveCfg = Debug|Any CPU
		{0EF96874-4B00-42BA-908E-7BB21F608FE8}.Debug|x64.Build.0 = Debug|Any CPU
		{0EF96874-4B00-42BA-908E-7BB21F608FE8}.Debug|x86.ActiveCfg = Debug|Any CPU
		{0EF96874-4B00-42BA-908E-7BB21F608FE8}.Debug|x86.Build.0 = Debug|Any CPU
		{0EF96874-4B00-42BA-908E-7BB21F608FE8}.Release|Any CPU.ActiveCfg = Release|Any CPU
		{0EF96874-4B00-42BA-908E-7BB21F608FE8}.Release|Any CPU.Build.0 = Release|Any CPU
		{0EF96874-4B00-42BA-908E-7BB21F608FE8}.Release|x64.ActiveCfg = Release|Any CPU
		{0EF96874-4B00-42BA-908E-7BB21F608FE8}.Release|x64.Build.0 = Release|Any CPU
		{0EF96874-4B00-42BA-908E-7BB21F608FE8}.Release|x86.ActiveCfg = Release|Any CPU
		{0EF96874-4B00-42BA-908E-7BB21F608FE8}.Release|x86.Build.0 = Release|Any CPU
		{ACD80D2E-39B1-4E15-A050-17809CE01DD9}.Debug|Any CPU.ActiveCfg = Debug|Any CPU
		{ACD80D2E-39B1-4E15-A050-17809CE01DD9}.Debug|Any CPU.Build.0 = Debug|Any CPU
		{ACD80D2E-39B1-4E15-A050-17809CE01DD9}.Debug|x64.ActiveCfg = Debug|Any CPU
		{ACD80D2E-39B1-4E15-A050-17809CE01DD9}.Debug|x64.Build.0 = Debug|Any CPU
		{ACD80D2E-39B1-4E15-A050-17809CE01DD9}.Debug|x86.ActiveCfg = Debug|Any CPU
		{ACD80D2E-39B1-4E15-A050-17809CE01DD9}.Debug|x86.Build.0 = Debug|Any CPU
		{ACD80D2E-39B1-4E15-A050-17809CE01DD9}.Release|Any CPU.ActiveCfg = Release|Any CPU
		{ACD80D2E-39B1-4E15-A050-17809CE01DD9}.Release|Any CPU.Build.0 = Release|Any CPU
		{ACD80D2E-39B1-4E15-A050-17809CE01DD9}.Release|x64.ActiveCfg = Release|Any CPU
		{ACD80D2E-39B1-4E15-A050-17809CE01DD9}.Release|x64.Build.0 = Release|Any CPU
		{ACD80D2E-39B1-4E15-A050-17809CE01DD9}.Release|x86.ActiveCfg = Release|Any CPU
		{ACD80D2E-39B1-4E15-A050-17809CE01DD9}.Release|x86.Build.0 = Release|Any CPU
	EndGlobalSection
	GlobalSection(SolutionProperties) = preSolution
		HideSolutionNode = FALSE
	EndGlobalSection
	GlobalSection(NestedProjects) = preSolution
		{E134C235-D229-4C0D-6747-D71D21D31FBE} = {827E0CD3-B72D-47B6-A68D-7590B98EB39B}
		{CCD3E55A-7FBF-CAE6-3ABC-E1364E36DC28} = {E134C235-D229-4C0D-6747-D71D21D31FBE}
		{0201DB89-0899-4415-89E7-A6F412308920} = {CCD3E55A-7FBF-CAE6-3ABC-E1364E36DC28}
		{E2A82293-819B-DDB9-A779-24450B295548} = {E134C235-D229-4C0D-6747-D71D21D31FBE}
		{10E7892F-717F-4577-9711-638C16C94AC2} = {E2A82293-819B-DDB9-A779-24450B295548}
		{63FA1A00-6844-E126-4F8A-14CB90E22E02} = {E134C235-D229-4C0D-6747-D71D21D31FBE}
		{57DB3D14-A9E9-4368-8CB7-BBA66249BCCD} = {63FA1A00-6844-E126-4F8A-14CB90E22E02}
		{E4BEFF2C-E256-27DB-8D1B-79509F02E1CF} = {E134C235-D229-4C0D-6747-D71D21D31FBE}
		{7A241E41-0D70-4C0F-835D-C253A2D491DF} = {E4BEFF2C-E256-27DB-8D1B-79509F02E1CF}
		{1BE9D6C1-64FB-57B9-2352-6631AB4FF4E8} = {0C88DD14-F956-CE84-757C-A364CCF449FC}
		{FCF211F5-377E-3B28-9F11-20C8E8263F89} = {1BE9D6C1-64FB-57B9-2352-6631AB4FF4E8}
		{0EF96874-4B00-42BA-908E-7BB21F608FE8} = {FCF211F5-377E-3B28-9F11-20C8E8263F89}
		{3FD6D40C-C49D-79F9-9BEE-594197F11283} = {1BE9D6C1-64FB-57B9-2352-6631AB4FF4E8}
		{ACD80D2E-39B1-4E15-A050-17809CE01DD9} = {3FD6D40C-C49D-79F9-9BEE-594197F11283}
	EndGlobalSection
EndGlobal
